{
  "name": "dwarf_invasion",
  "version": "1.0.0",
  "lockfileVersion": 1,
  "requires": true,
  "dependencies": {
    "@rometools/cli-darwin-arm64": {
      "version": "10.0.1",
      "resolved": "https://registry.npmjs.org/@rometools/cli-darwin-arm64/-/cli-darwin-arm64-10.0.1.tgz",
      "integrity": "sha512-MwQjk3uhZrCu6LgIwJHREAsVt/mUQTGv7p8iosfaF8lCIxMVjyS+akbF/QcBufyW5sFtHYNWUEe/uKPHK4E//A==",
      "dev": true,
      "optional": true
    },
    "@rometools/cli-darwin-x64": {
      "version": "10.0.1",
      "resolved": "https://registry.npmjs.org/@rometools/cli-darwin-x64/-/cli-darwin-x64-10.0.1.tgz",
      "integrity": "sha512-n010Wc/z9L8wRkRnR5boMhdWgDVGrTG/i7zL8u/3+F5aSUgLCywf9F/b3ex74tCJJfcwBLlhaAqAVQX6U1bIkA==",
      "dev": true,
      "optional": true
    },
    "@rometools/cli-linux-arm64": {
      "version": "10.0.1",
      "resolved": "https://registry.npmjs.org/@rometools/cli-linux-arm64/-/cli-linux-arm64-10.0.1.tgz",
      "integrity": "sha512-JljZsnud1KCfe36VNsVh/LrYdAzgbKbcsCTzeCjW9ROkMyNj8pmQ/gIUFxZ+PyhMFgowHIDGihoNf4m+pgpxkA==",
      "dev": true,
      "optional": true
    },
    "@rometools/cli-linux-x64": {
      "version": "10.0.1",
      "resolved": "https://registry.npmjs.org/@rometools/cli-linux-x64/-/cli-linux-x64-10.0.1.tgz",
      "integrity": "sha512-jXIqd9iDyZUexk63CRfAXDA4zNDUHpErUmCejjGab3dhDt1KA40fDqKb+kxZpAhY3tQoWNSNQyo750zX5NawLw==",
      "dev": true,
      "optional": true
    },
    "@rometools/cli-win32-arm64": {
      "version": "10.0.1",
      "resolved": "https://registry.npmjs.org/@rometools/cli-win32-arm64/-/cli-win32-arm64-10.0.1.tgz",
      "integrity": "sha512-G/toRrKPhhi7SMYMyROq/E2c8/4xRX/67vFhVihuMvDDzhanIb99hEt5MMbM4HbYK1nnZBPyLN6LxVsxm9M9hA==",
      "dev": true,
      "optional": true
    },
    "@rometools/cli-win32-x64": {
      "version": "10.0.1",
      "resolved": "https://registry.npmjs.org/@rometools/cli-win32-x64/-/cli-win32-x64-10.0.1.tgz",
      "integrity": "sha512-y299+VGoBufZntZj0Xz7w9DODU+6E5giXStfBDoa0fspXGNkYyYfD+HC6j9gUv4zpMZJ607XVvVHjpfwM/3ftA==",
      "dev": true,
      "optional": true
    },
    "rome": {
      "version": "10.0.1",
      "resolved": "https://registry.npmjs.org/rome/-/rome-10.0.1.tgz",
      "integrity": "sha512-RfaDa+cSustBsjX6bj3fWqEhoNxXrK1uNgKHpkCHAqp20QMJXnCRtbokhirNMe0utyGI9GTO/sDoK7hJP7O8Bw==",
      "dev": true,
      "requires": {
        "@rometools/cli-darwin-arm64": "10.0.1",
        "@rometools/cli-darwin-x64": "10.0.1",
        "@rometools/cli-linux-arm64": "10.0.1",
        "@rometools/cli-linux-x64": "10.0.1",
        "@rometools/cli-win32-arm64": "10.0.1",
        "@rometools/cli-win32-x64": "10.0.1"
      }
    },
    "turbo": {
      "version": "1.6.3",
      "resolved": "https://registry.npmjs.org/turbo/-/turbo-1.6.3.tgz",
      "integrity": "sha512-FtfhJLmEEtHveGxW4Ye/QuY85AnZ2ZNVgkTBswoap7UMHB1+oI4diHPNyqrQLG4K1UFtCkjOlVoLsllUh/9QRw==",
      "dev": true,
      "requires": {
        "turbo-darwin-64": "1.6.3",
        "turbo-darwin-arm64": "1.6.3",
        "turbo-linux-64": "1.6.3",
        "turbo-linux-arm64": "1.6.3",
        "turbo-windows-64": "1.6.3",
        "turbo-windows-arm64": "1.6.3"
      }
    },
    "turbo-darwin-64": {
      "version": "1.6.3",
      "resolved": "https://registry.npmjs.org/turbo-darwin-64/-/turbo-darwin-64-1.6.3.tgz",
      "integrity": "sha512-QmDIX0Yh1wYQl0bUS0gGWwNxpJwrzZU2GIAYt3aOKoirWA2ecnyb3R6ludcS1znfNV2MfunP+l8E3ncxUHwtjA==",
      "dev": true,
      "optional": true
    },
    "turbo-darwin-arm64": {
      "version": "1.6.3",
      "resolved": "https://registry.npmjs.org/turbo-darwin-arm64/-/turbo-darwin-arm64-1.6.3.tgz",
      "integrity": "sha512-75DXhFpwE7CinBbtxTxH08EcWrxYSPFow3NaeFwsG8aymkWXF+U2aukYHJA6I12n9/dGqf7yRXzkF0S/9UtdyQ==",
      "dev": true,
      "optional": true
    },
    "turbo-linux-64": {
      "version": "1.6.3",
      "resolved": "https://registry.npmjs.org/turbo-linux-64/-/turbo-linux-64-1.6.3.tgz",
      "integrity": "sha512-O9uc6J0yoRPWdPg9THRQi69K6E2iZ98cRHNvus05lZbcPzZTxJYkYGb5iagCmCW/pq6fL4T4oLWAd6evg2LGQA==",
      "dev": true,
      "optional": true
    },
    "turbo-linux-arm64": {
      "version": "1.6.3",
      "resolved": "https://registry.npmjs.org/turbo-linux-arm64/-/turbo-linux-arm64-1.6.3.tgz",
      "integrity": "sha512-dCy667qqEtZIhulsRTe8hhWQNCJO0i20uHXv7KjLHuFZGCeMbWxB8rsneRoY+blf8+QNqGuXQJxak7ayjHLxiA==",
      "dev": true,
      "optional": true
    },
    "turbo-windows-64": {
      "version": "1.6.3",
      "resolved": "https://registry.npmjs.org/turbo-windows-64/-/turbo-windows-64-1.6.3.tgz",
      "integrity": "sha512-lKRqwL3mrVF09b9KySSaOwetehmGknV9EcQTF7d2dxngGYYX1WXoQLjFP9YYH8ZV07oPm+RUOAKSCQuDuMNhiA==",
      "dev": true,
      "optional": true
    },
    "turbo-windows-arm64": {
      "version": "1.6.3",
      "resolved": "https://registry.npmjs.org/turbo-windows-arm64/-/turbo-windows-arm64-1.6.3.tgz",
      "integrity": "sha512-BXY1sDPEA1DgPwuENvDCD8B7Hb0toscjus941WpL8CVd10hg9pk/MWn9CNgwDO5Q9ks0mw+liDv2EMnleEjeNA==",
      "dev": true,
      "optional": true
    }
  }
}
